
Microsoft Visual Studio Solution File, Format Version 12.00
# Visual Studio 15
VisualStudioVersion = 15.0.28307.572
MinimumVisualStudioVersion = 10.0.40219.1
Project("{FAE04EC0-301F-11D3-BF4B-00C04F79EFBC}") = "LabSix", "LabSix\LabSix.csproj", "{9AE0DF82-EFC0-4601-9938-612AB74CAE1A}"
EndProject
Global
	GlobalSection(SolutionConfigurationPlatforms) = preSolution
		Debug|Any CPU = Debug|Any CPU
		Release|Any CPU = Release|Any CPU
	EndGlobalSection
	GlobalSection(ProjectConfigurationPlatforms) = postSolution
		{9AE0DF82-EFC0-4601-9938-612AB74CAE1A}.Debug|Any CPU.ActiveCfg = Debug|Any CPU
		{9AE0DF82-EFC0-4601-9938-612AB74CAE1A}.Debug|Any CPU.Build.0 = Debug|Any CPU
		{9AE0DF82-EFC0-4601-9938-612AB74CAE1A}.Release|Any CPU.ActiveCfg = Release|Any CPU
		{9AE0DF82-EFC0-4601-9938-612AB74CAE1A}.Release|Any CPU.Build.0 = Release|Any CPU
	EndGlobalSection
	GlobalSection(SolutionProperties) = preSolution
		HideSolutionNode = FALSE
	EndGlobalSection
	GlobalSection(ExtensibilityGlobals) = postSolution
		SolutionGuid = {65C503D8-4F70-4AA1-84E7-3DBFE203D8C3}
	EndGlobalSection
EndGlobal
